<Solution>
  <Folder Name="/samples/">
    <Project Path="samples/InvoiceSample/InvoiceSample.csproj" />
    <Project Path="samples/TemplateSample/TemplateSample.csproj" />
  </Folder>
  <Folder Name="/src/">
    <Project Path="src/NetReporter.Core/NetReporter.Core.csproj" />
    <Project Path="src/NetReporter.Html/NetReporter.Html.csproj" />
    <Project Path="src/NetReporter.Pdf/NetReporter.Pdf.csproj" />
    <Project Path="src/NetReporter.Svg/NetReporter.Svg.csproj" />
    <Project Path="src/NetReporter.Templates/NetReporter.Templates.csproj" />
  </Folder>
  <Folder Name="/tests/">
    <Project Path="tests/NetReporter.Core.Tests/NetReporter.Core.Tests.csproj" />
    <Project Path="tests/NetReporter.Html.Tests/NetReporter.Html.Tests.csproj" />
    <Project Path="tests/NetReporter.Templates.Tests/NetReporter.Templates.Tests.csproj" />
  </Folder>
  <Folder Name="/tools/">
    <Project Path="tools/NetReporter.Designer/NetReporter.Designer.csproj" />
  </Folder>
</Solution>
